
Microsoft Visual Studio Solution File, Format Version 12.00
# Visual Studio 15
VisualStudioVersion = 15.0.26124.0
MinimumVisualStudioVersion = 15.0.26124.0
Project("{FAE04EC0-301F-11D3-BF4B-00C04F79EFBC}") = "Graphlax", "src\Graphlax\Graphlax.csproj", "{26FE2735-1FF2-4A6E-B5FD-0841CCD3A735}"
EndProject
Project("{FAE04EC0-301F-11D3-BF4B-00C04F79EFBC}") = "Graphlax.Api", "src\Graphlax.Api\Graphlax.Api.csproj", "{740F5357-EFEA-4AF8-AC8A-D4538E90CB4F}"
EndProject
Project("{2150E333-8FDC-42A3-9474-1A3956D46DE8}") = "tests", "tests", "{0F223898-BFE5-4E42-88C3-6192F5472155}"
EndProject
Project("{FAE04EC0-301F-11D3-BF4B-00C04F79EFBC}") = "Graphlax.Test", "tests\Graphlax.Test\Graphlax.Test.csproj", "{243CFA91-4390-44FB-AE8E-29E9FC54EA65}"
EndProject
Project("{2150E333-8FDC-42A3-9474-1A3956D46DE8}") = "src", "src", "{4C4B90E7-90DA-437B-8791-069E171FB07D}"
EndProject
Project("{FAE04EC0-301F-11D3-BF4B-00C04F79EFBC}") = "Graphlax.Web.Api", "src\Graphlax.Web.Api\Graphlax.Web.Api.csproj", "{4DD39ED5-F15D-4346-B21B-035C2241E0DE}"
EndProject
Project("{FAE04EC0-301F-11D3-BF4B-00C04F79EFBC}") = "Graphlax.Validators", "src\Graphlax.Validators\Graphlax.Validators.csproj", "{918C6330-F29F-4F9E-9815-1D536BA7D6F1}"
EndProject
Global
	GlobalSection(SolutionConfigurationPlatforms) = preSolution
		Debug|Any CPU = Debug|Any CPU
		Debug|x64 = Debug|x64
		Debug|x86 = Debug|x86
		Release|Any CPU = Release|Any CPU
		Release|x64 = Release|x64
		Release|x86 = Release|x86
	EndGlobalSection
	GlobalSection(SolutionProperties) = preSolution
		HideSolutionNode = FALSE
	EndGlobalSection
	GlobalSection(ProjectConfigurationPlatforms) = postSolution
		{26FE2735-1FF2-4A6E-B5FD-0841CCD3A735}.Debug|Any CPU.ActiveCfg = Debug|Any CPU
		{26FE2735-1FF2-4A6E-B5FD-0841CCD3A735}.Debug|Any CPU.Build.0 = Debug|Any CPU
		{26FE2735-1FF2-4A6E-B5FD-0841CCD3A735}.Debug|x64.ActiveCfg = Debug|x64
		{26FE2735-1FF2-4A6E-B5FD-0841CCD3A735}.Debug|x64.Build.0 = Debug|x64
		{26FE2735-1FF2-4A6E-B5FD-0841CCD3A735}.Debug|x86.ActiveCfg = Debug|x86
		{26FE2735-1FF2-4A6E-B5FD-0841CCD3A735}.Debug|x86.Build.0 = Debug|x86
		{26FE2735-1FF2-4A6E-B5FD-0841CCD3A735}.Release|Any CPU.ActiveCfg = Release|Any CPU
		{26FE2735-1FF2-4A6E-B5FD-0841CCD3A735}.Release|Any CPU.Build.0 = Release|Any CPU
		{26FE2735-1FF2-4A6E-B5FD-0841CCD3A735}.Release|x64.ActiveCfg = Release|x64
		{26FE2735-1FF2-4A6E-B5FD-0841CCD3A735}.Release|x64.Build.0 = Release|x64
		{26FE2735-1FF2-4A6E-B5FD-0841CCD3A735}.Release|x86.ActiveCfg = Release|x86
		{26FE2735-1FF2-4A6E-B5FD-0841CCD3A735}.Release|x86.Build.0 = Release|x86
		{740F5357-EFEA-4AF8-AC8A-D4538E90CB4F}.Debug|Any CPU.ActiveCfg = Debug|Any CPU
		{740F5357-EFEA-4AF8-AC8A-D4538E90CB4F}.Debug|Any CPU.Build.0 = Debug|Any CPU
		{740F5357-EFEA-4AF8-AC8A-D4538E90CB4F}.Debug|x64.ActiveCfg = Debug|x64
		{740F5357-EFEA-4AF8-AC8A-D4538E90CB4F}.Debug|x64.Build.0 = Debug|x64
		{740F5357-EFEA-4AF8-AC8A-D4538E90CB4F}.Debug|x86.ActiveCfg = Debug|x86
		{740F5357-EFEA-4AF8-AC8A-D4538E90CB4F}.Debug|x86.Build.0 = Debug|x86
		{740F5357-EFEA-4AF8-AC8A-D4538E90CB4F}.Release|Any CPU.ActiveCfg = Release|Any CPU
		{740F5357-EFEA-4AF8-AC8A-D4538E90CB4F}.Release|Any CPU.Build.0 = Release|Any CPU
		{740F5357-EFEA-4AF8-AC8A-D4538E90CB4F}.Release|x64.ActiveCfg = Release|x64
		{740F5357-EFEA-4AF8-AC8A-D4538E90CB4F}.Release|x64.Build.0 = Release|x64
		{740F5357-EFEA-4AF8-AC8A-D4538E90CB4F}.Release|x86.ActiveCfg = Release|x86
		{740F5357-EFEA-4AF8-AC8A-D4538E90CB4F}.Release|x86.Build.0 = Release|x86
		{243CFA91-4390-44FB-AE8E-29E9FC54EA65}.Debug|Any CPU.ActiveCfg = Debug|Any CPU
		{243CFA91-4390-44FB-AE8E-29E9FC54EA65}.Debug|Any CPU.Build.0 = Debug|Any CPU
		{243CFA91-4390-44FB-AE8E-29E9FC54EA65}.Debug|x64.ActiveCfg = Debug|x64
		{243CFA91-4390-44FB-AE8E-29E9FC54EA65}.Debug|x64.Build.0 = Debug|x64
		{243CFA91-4390-44FB-AE8E-29E9FC54EA65}.Debug|x86.ActiveCfg = Debug|x86
		{243CFA91-4390-44FB-AE8E-29E9FC54EA65}.Debug|x86.Build.0 = Debug|x86
		{243CFA91-4390-44FB-AE8E-29E9FC54EA65}.Release|Any CPU.ActiveCfg = Release|Any CPU
		{243CFA91-4390-44FB-AE8E-29E9FC54EA65}.Release|Any CPU.Build.0 = Release|Any CPU
		{243CFA91-4390-44FB-AE8E-29E9FC54EA65}.Release|x64.ActiveCfg = Release|x64
		{243CFA91-4390-44FB-AE8E-29E9FC54EA65}.Release|x64.Build.0 = Release|x64
		{243CFA91-4390-44FB-AE8E-29E9FC54EA65}.Release|x86.ActiveCfg = Release|x86
		{243CFA91-4390-44FB-AE8E-29E9FC54EA65}.Release|x86.Build.0 = Release|x86
		{4DD39ED5-F15D-4346-B21B-035C2241E0DE}.Debug|Any CPU.ActiveCfg = Debug|Any CPU
		{4DD39ED5-F15D-4346-B21B-035C2241E0DE}.Debug|Any CPU.Build.0 = Debug|Any CPU
		{4DD39ED5-F15D-4346-B21B-035C2241E0DE}.Debug|x64.ActiveCfg = Debug|x64
		{4DD39ED5-F15D-4346-B21B-035C2241E0DE}.Debug|x64.Build.0 = Debug|x64
		{4DD39ED5-F15D-4346-B21B-035C2241E0DE}.Debug|x86.ActiveCfg = Debug|x86
		{4DD39ED5-F15D-4346-B21B-035C2241E0DE}.Debug|x86.Build.0 = Debug|x86
		{4DD39ED5-F15D-4346-B21B-035C2241E0DE}.Release|Any CPU.ActiveCfg = Release|Any CPU
		{4DD39ED5-F15D-4346-B21B-035C2241E0DE}.Release|Any CPU.Build.0 = Release|Any CPU
		{4DD39ED5-F15D-4346-B21B-035C2241E0DE}.Release|x64.ActiveCfg = Release|x64
		{4DD39ED5-F15D-4346-B21B-035C2241E0DE}.Release|x64.Build.0 = Release|x64
		{4DD39ED5-F15D-4346-B21B-035C2241E0DE}.Release|x86.ActiveCfg = Release|x86
		{4DD39ED5-F15D-4346-B21B-035C2241E0DE}.Release|x86.Build.0 = Release|x86
		{918C6330-F29F-4F9E-9815-1D536BA7D6F1}.Debug|Any CPU.ActiveCfg = Debug|Any CPU
		{918C6330-F29F-4F9E-9815-1D536BA7D6F1}.Debug|Any CPU.Build.0 = Debug|Any CPU
		{918C6330-F29F-4F9E-9815-1D536BA7D6F1}.Debug|x64.ActiveCfg = Debug|x64
		{918C6330-F29F-4F9E-9815-1D536BA7D6F1}.Debug|x64.Build.0 = Debug|x64
		{918C6330-F29F-4F9E-9815-1D536BA7D6F1}.Debug|x86.ActiveCfg = Debug|x86
		{918C6330-F29F-4F9E-9815-1D536BA7D6F1}.Debug|x86.Build.0 = Debug|x86
		{918C6330-F29F-4F9E-9815-1D536BA7D6F1}.Release|Any CPU.ActiveCfg = Release|Any CPU
		{918C6330-F29F-4F9E-9815-1D536BA7D6F1}.Release|Any CPU.Build.0 = Release|Any CPU
		{918C6330-F29F-4F9E-9815-1D536BA7D6F1}.Release|x64.ActiveCfg = Release|x64
		{918C6330-F29F-4F9E-9815-1D536BA7D6F1}.Release|x64.Build.0 = Release|x64
		{918C6330-F29F-4F9E-9815-1D536BA7D6F1}.Release|x86.ActiveCfg = Release|x86
		{918C6330-F29F-4F9E-9815-1D536BA7D6F1}.Release|x86.Build.0 = Release|x86
	EndGlobalSection
	GlobalSection(NestedProjects) = preSolution
		{243CFA91-4390-44FB-AE8E-29E9FC54EA65} = {0F223898-BFE5-4E42-88C3-6192F5472155}
		{4DD39ED5-F15D-4346-B21B-035C2241E0DE} = {4C4B90E7-90DA-437B-8791-069E171FB07D}
		{918C6330-F29F-4F9E-9815-1D536BA7D6F1} = {4C4B90E7-90DA-437B-8791-069E171FB07D}
	EndGlobalSection
EndGlobal
